
Microsoft Visual Studio Solution File, Format Version 12.00
# Visual Studio Version 17
VisualStudioVersion = 17.7.34202.233
MinimumVisualStudioVersion = 10.0.40219.1
Project("{FAE04EC0-301F-11D3-BF4B-00C04F79EFBC}") = "Notes.Identity", "Notes.Identity\Notes.Identity.csproj", "{ED71C3A6-0A01-4491-BD61-D313F1E154EF}"
EndProject
Global
	GlobalSection(SolutionConfigurationPlatforms) = preSolution
		Debug|Any CPU = Debug|Any CPU
		Release|Any CPU = Release|Any CPU
	EndGlobalSection
	GlobalSection(ProjectConfigurationPlatforms) = postSolution
		{ED71C3A6-0A01-4491-BD61-D313F1E154EF}.Debug|Any CPU.ActiveCfg = Debug|Any CPU
		{ED71C3A6-0A01-4491-BD61-D313F1E154EF}.Debug|Any CPU.Build.0 = Debug|Any CPU
		{ED71C3A6-0A01-4491-BD61-D313F1E154EF}.Release|Any CPU.ActiveCfg = Release|Any CPU
		{ED71C3A6-0A01-4491-BD61-D313F1E154EF}.Release|Any CPU.Build.0 = Release|Any CPU
	EndGlobalSection
	GlobalSection(SolutionProperties) = preSolution
		HideSolutionNode = FALSE
	EndGlobalSection
	GlobalSection(ExtensibilityGlobals) = postSolution
		SolutionGuid = {CE4EA03F-7751-4633-84C3-E1B7DAC70C58}
	EndGlobalSection
EndGlobal
